// !$*UTF8*$!
{
	archiveVersion = 1;
	classes = {
	};
	objectVersion = 46;
	objects = {

/* Begin PBXBuildFile section */
		A20D6AC61FA36DC40074AC6E /* main.cpp in Sources */ = {isa = PBXBuildFile; fileRef = A20D6AC51FA36DC40074AC6E /* main.cpp */; };
		A20D6ACE1FA36DD70074AC6E /* RefBase.cpp in Sources */ = {isa = PBXBuildFile; fileRef = A20D6ACC1FA36DD70074AC6E /* RefBase.cpp */; };
/* End PBXBuildFile section */

/* Begin PBXCopyFilesBuildPhase section */
		A20D6AC01FA36DC40074AC6E /* CopyFiles */ = {
			isa = PBXCopyFilesBuildPhase;
			buildActionMask = 2147483647;
			dstPath = /usr/share/man/man1/;
			dstSubfolderSpec = 0;
			files = (
			);
			runOnlyForDeploymentPostprocessing = 1;
		};
/* End PBXCopyFilesBuildPhase section */

/* Begin PBXFileReference section */
		A20D6AC21FA36DC40074AC6E /* RefBase */ = {isa = PBXFileReference; explicitFileType = "compiled.mach-o.executable"; includeInIndex = 0; path = RefBase; sourceTree = BUILT_PRODUCTS_DIR; };
		A20D6AC51FA36DC40074AC6E /* main.cpp */ = {isa = PBXFileReference; lastKnownFileType = sourcecode.cpp.cpp; path = main.cpp; sourceTree = "<group>"; };
		A20D6ACC1FA36DD70074AC6E /* RefBase.cpp */ = {isa = PBXFileReference; fileEncoding = 4; lastKnownFileType = sourcecode.cpp.cpp; path = RefBase.cpp; sourceTree = "<group>"; };
		A20D6ACD1FA36DD70074AC6E /* RefBase.hpp */ = {isa = PBXFileReference; fileEncoding = 4; lastKnownFileType = sourcecode.cpp.h; path = RefBase.hpp; sourceTree = "<group>"; };
		A20D6ACF1FA36F900074AC6E /* StrongPointer.h */ = {isa = PBXFileReference; lastKnownFileType = sourcecode.c.h; path = StrongPointer.h; sourceTree = "<group>"; };
/* End PBXFileReference section */

/* Begin PBXFrameworksBuildPhase section */
		A20D6ABF1FA36DC40074AC6E /* Frameworks */ = {
			isa = PBXFrameworksBuildPhase;
			buildActionMask = 2147483647;
			files = (
			);
			runOnlyForDeploymentPostprocessing = 0;
		};
/* End PBXFrameworksBuildPhase section */

/* Begin PBXGroup section */
		A20D6AB91FA36DC40074AC6E = {
			isa = PBXGroup;
			children = (
				A20D6AC41FA36DC40074AC6E /* RefBase */,
				A20D6AC31FA36DC40074AC6E /* Products */,
			);
			sourceTree = "<group>";
		};
		A20D6AC31FA36DC40074AC6E /* Products */ = {
			isa = PBXGroup;
			children = (
				A20D6AC21FA36DC40074AC6E /* RefBase */,
			);
			name = Products;
			sourceTree = "<group>";
		};
		A20D6AC41FA36DC40074AC6E /* RefBase */ = {
			isa = PBXGroup;
			children = (
				A20D6AC51FA36DC40074AC6E /* main.cpp */,
				A20D6ACC1FA36DD70074AC6E /* RefBase.cpp */,
				A20D6ACD1FA36DD70074AC6E /* RefBase.hpp */,
				A20D6ACF1FA36F900074AC6E /* StrongPointer.h */,
			);
			path = RefBase;
			sourceTree = "<group>";
		};
/* End PBXGroup section */

/* Begin PBXNativeTarget section */
		A20D6AC11FA36DC40074AC6E /* RefBase */ = {
			isa = PBXNativeTarget;
			buildConfigurationList = A20D6AC91FA36DC40074AC6E /* Build configuration list for PBXNativeTarget "RefBase" */;
			buildPhases = (
				A20D6ABE1FA36DC40074AC6E /* Sources */,
				A20D6ABF1FA36DC40074AC6E /* Frameworks */,
				A20D6AC01FA36DC40074AC6E /* CopyFiles */,
			);
			buildRules = (
			);
			dependencies = (
			);
			name = RefBase;
			productName = RefBase;
			productReference = A20D6AC21FA36DC40074AC6E /* RefBase */;
			productType = "com.apple.product-type.tool";
		};
/* End PBXNativeTarget section */

/* Begin PBXProject section */
		A20D6ABA1FA36DC40074AC6E /* Project object */ = {
			isa = PBXProject;
			attributes = {
				LastUpgradeCheck = 0820;
				ORGANIZATIONNAME = kangdi;
				TargetAttributes = {
					A20D6AC11FA36DC40074AC6E = {
						CreatedOnToolsVersion = 8.2;
						ProvisioningStyle = Automatic;
					};
				};
			};
			buildConfigurationList = A20D6ABD1FA36DC40074AC6E /* Build configuration list for PBXProject "RefBase" */;
			compatibilityVersion = "Xcode 3.2";
			developmentRegion = English;
			hasScannedForEncodings = 0;
			knownRegions = (
				en,
			);
			mainGroup = A20D6AB91FA36DC40074AC6E;
			productRefGroup = A20D6AC31FA36DC40074AC6E /* Products */;
			projectDirPath = "";
			projectRoot = "";
			targets = (
				A20D6AC11FA36DC40074AC6E /* RefBase */,
			);
		};
/* End PBXProject section */

/* Begin PBXSourcesBuildPhase section */
		A20D6ABE1FA36DC40074AC6E /* Sources */ = {
			isa = PBXSourcesBuildPhase;
			buildActionMask = 2147483647;
			files = (
				A20D6ACE1FA36DD70074AC6E /* RefBase.cpp in Sources */,
				A20D6AC61FA36DC40074AC6E /* main.cpp in Sources */,
			);
			runOnlyForDeploymentPostprocessing = 0;
		};
/* End PBXSourcesBuildPhase section */

/* Begin XCBuildConfiguration section */
		A20D6AC71FA36DC40074AC6E /* Debug */ = {
			isa = XCBuildConfiguration;
			buildSettings = {
				ALWAYS_SEARCH_USER_PATHS = NO;
				CLANG_ANALYZER_NONNULL = YES;
				CLANG_CXX_LANGUAGE_STANDARD = "gnu++0x";
				CLANG_CXX_LIBRARY = "libc++";
				CLANG_ENABLE_MODULES = YES;
				CLANG_ENABLE_OBJC_ARC = YES;
				CLANG_WARN_BOOL_CONVERSION = YES;
				CLANG_WARN_CONSTANT_CONVERSION = YES;
				CLANG_WARN_DIRECT_OBJC_ISA_USAGE = YES_ERROR;
				CLANG_WARN_DOCUMENTATION_COMMENTS = YES;
				CLANG_WARN_EMPTY_BODY = YES;
				CLANG_WARN_ENUM_CONVERSION = YES;
				CLANG_WARN_INFINITE_RECURSION = YES;
				CLANG_WARN_INT_CONVERSION = YES;
				CLANG_WARN_OBJC_ROOT_CLASS = YES_ERROR;
				CLANG_WARN_SUSPICIOUS_MOVE = YES;
				CLANG_WARN_UNREACHABLE_CODE = YES;
				CLANG_WARN__DUPLICATE_METHOD_MATCH = YES;
				CODE_SIGN_IDENTITY = "-";
				COPY_PHASE_STRIP = NO;
				DEBUG_INFORMATION_FORMAT = dwarf;
				ENABLE_STRICT_OBJC_MSGSEND = YES;
				ENABLE_TESTABILITY = YES;
				GCC_C_LANGUAGE_STANDARD = gnu99;
				GCC_DYNAMIC_NO_PIC = NO;
				GCC_NO_COMMON_BLOCKS = YES;
				GCC_OPTIMIZATION_LEVEL = 0;
				GCC_PREPROCESSOR_DEFINITIONS = (
					"DEBUG=1",
					"$(inherited)",
				);
				GCC_WARN_64_TO_32_BIT_CONVERSION = YES;
				GCC_WARN_ABOUT_RETURN_TYPE = YES_ERROR;
				GCC_WARN_UNDECLARED_SELECTOR = YES;
				GCC_WARN_UNINITIALIZED_AUTOS = YES_AGGRESSIVE;
				GCC_WARN_UNUSED_FUNCTION = YES;
				GCC_WARN_UNUSED_VARIABLE = YES;
				MACOSX_DEPLOYMENT_TARGET = 10.12;
				MTL_ENABLE_DEBUG_INFO = YES;
				ONLY_ACTIVE_ARCH = YES;
				SDKROOT = macosx;
			};
			name = Debug;
		};
		A20D6AC81FA36DC40074AC6E /* Release */ = {
			isa = XCBuildConfiguration;
			buildSettings = {
				ALWAYS_SEARCH_USER_PATHS = NO;
				CLANG_ANALYZER_NONNULL = YES;
				CLANG_CXX_LANGUAGE_STANDARD = "gnu++0x";
				CLANG_CXX_LIBRARY = "libc++";
				CLANG_ENABLE_MODULES = YES;
				CLANG_ENABLE_OBJC_ARC = YES;
				CLANG_WARN_BOOL_CONVERSION = YES;
				CLANG_WARN_CONSTANT_CONVERSION = YES;
				CLANG_WARN_DIRECT_OBJC_ISA_USAGE = YES_ERROR;
				CLANG_WARN_DOCUMENTATION_COMMENTS = YES;
				CLANG_WARN_EMPTY_BODY = YES;
				CLANG_WARN_ENUM_CONVERSION = YES;
				CLANG_WARN_INFINITE_RECURSION = YES;
				CLANG_WARN_INT_CONVERSION = YES;
				CLANG_WARN_OBJC_ROOT_CLASS = YES_ERROR;
				CLANG_WARN_SUSPICIOUS_MOVE = YES;
				CLANG_WARN_UNREACHABLE_CODE = YES;
				CLANG_WARN__DUPLICATE_METHOD_MATCH = YES;
				CODE_SIGN_IDENTITY = "-";
				COPY_PHASE_STRIP = NO;
				DEBUG_INFORMATION_FORMAT = "dwarf-with-dsym";
				ENABLE_NS_ASSERTIONS = NO;
				ENABLE_STRICT_OBJC_MSGSEND = YES;
				GCC_C_LANGUAGE_STANDARD = gnu99;
				GCC_NO_COMMON_BLOCKS = YES;
				GCC_WARN_64_TO_32_BIT_CONVERSION = YES;
				GCC_WARN_ABOUT_RETURN_TYPE = YES_ERROR;
				GCC_WARN_UNDECLARED_SELECTOR = YES;
				GCC_WARN_UNINITIALIZED_AUTOS = YES_AGGRESSIVE;
				GCC_WARN_UNUSED_FUNCTION = YES;
				GCC_WARN_UNUSED_VARIABLE = YES;
				MACOSX_DEPLOYMENT_TARGET = 10.12;
				MTL_ENABLE_DEBUG_INFO = NO;
				SDKROOT = macosx;
			};
			name = Release;
		};
		A20D6ACA1FA36DC40074AC6E /* Debug */ = {
			isa = XCBuildConfiguration;
			buildSettings = {
				PRODUCT_NAME = "$(TARGET_NAME)";
			};
			name = Debug;
		};
		A20D6ACB1FA36DC40074AC6E /* Release */ = {
			isa = XCBuildConfiguration;
			buildSettings = {
				PRODUCT_NAME = "$(TARGET_NAME)";
			};
			name = Release;
		};
/* End XCBuildConfiguration section */

/* Begin XCConfigurationList section */
		A20D6ABD1FA36DC40074AC6E /* Build configuration list for PBXProject "RefBase" */ = {
			isa = XCConfigurationList;
			buildConfigurations = (
				A20D6AC71FA36DC40074AC6E /* Debug */,
				A20D6AC81FA36DC40074AC6E /* Release */,
			);
			defaultConfigurationIsVisible = 0;
			defaultConfigurationName = Release;
		};
		A20D6AC91FA36DC40074AC6E /* Build configuration list for PBXNativeTarget "RefBase" */ = {
			isa = XCConfigurationList;
			buildConfigurations = (
				A20D6ACA1FA36DC40074AC6E /* Debug */,
				A20D6ACB1FA36DC40074AC6E /* Release */,
			);
			defaultConfigurationIsVisible = 0;
		};
/* End XCConfigurationList section */
	};
	rootObject = A20D6ABA1FA36DC40074AC6E /* Project object */;
}
